
Microsoft Visual Studio Solution File, Format Version 12.00
# Visual Studio Version 17
VisualStudioVersion = 17.11.35208.52
MinimumVisualStudioVersion = 10.0.40219.1
Project("{FAE04EC0-301F-11D3-BF4B-00C04F79EFBC}") = "El que sea 1", "El que sea 1.csproj", "{BF7B1B4A-B440-4D46-8564-D371450CD408}"
EndProject
Global
	GlobalSection(SolutionConfigurationPlatforms) = preSolution
		Debug|Any CPU = Debug|Any CPU
		Release|Any CPU = Release|Any CPU
	EndGlobalSection
	GlobalSection(ProjectConfigurationPlatforms) = postSolution
		{BF7B1B4A-B440-4D46-8564-D371450CD408}.Debug|Any CPU.ActiveCfg = Debug|Any CPU
		{BF7B1B4A-B440-4D46-8564-D371450CD408}.Debug|Any CPU.Build.0 = Debug|Any CPU
		{BF7B1B4A-B440-4D46-8564-D371450CD408}.Release|Any CPU.ActiveCfg = Release|Any CPU
		{BF7B1B4A-B440-4D46-8564-D371450CD408}.Release|Any CPU.Build.0 = Release|Any CPU
	EndGlobalSection
	GlobalSection(SolutionProperties) = preSolution
		HideSolutionNode = FALSE
	EndGlobalSection
	GlobalSection(ExtensibilityGlobals) = postSolution
		SolutionGuid = {7ABDB700-FA0D-464E-9B33-3D1016DDD646}
	EndGlobalSection
EndGlobal
